hash: cdeb4981dec833b382849f8f5b29b6bdd9d6353f01d6eada3587a02341369102
updated: 2018-07-28T15:39:49.751219+09:00
imports:
- name: github.com/google/uuid
  version: 064e2069ce9c359c118179501254f67d7d37ba24
- name: github.com/satori/go.uuid
  version: 36e9d2ebbde5e3f13ab2e25625fd453271d6522e
- name: github.com/sirupsen/logrus
  version: 8c0189d9f6bbf301e5d055d34268156b317016af
- name: golang.org/x/crypto
  version: 650f4a345ab4e5b245a3034b110ebc7299e68186
  subpackages:
  - ssh/terminal
- name: golang.org/x/sys
  version: 37707fdb30a5b38865cfb95e5aab41707daec7fd
  subpackages:
  - unix
  - windows
testImports: []
